
Microsoft Visual Studio Solution File, Format Version 12.00
# Visual Studio Version 17
VisualStudioVersion = 17.6.33829.357
MinimumVisualStudioVersion = 10.0.40219.1
Project("{FAE04EC0-301F-11D3-BF4B-00C04F79EFBC}") = "Sistema Cadeteria", "Sistema Cadeteria\Sistema Cadeteria.csproj", "{C4BBF1B8-62CE-45E0-9ECE-078D150AD4C4}"
EndProject
Global
	GlobalSection(SolutionConfigurationPlatforms) = preSolution
		Debug|Any CPU = Debug|Any CPU
		Release|Any CPU = Release|Any CPU
	EndGlobalSection
	GlobalSection(ProjectConfigurationPlatforms) = postSolution
		{C4BBF1B8-62CE-45E0-9ECE-078D150AD4C4}.Debug|Any CPU.ActiveCfg = Debug|Any CPU
		{C4BBF1B8-62CE-45E0-9ECE-078D150AD4C4}.Debug|Any CPU.Build.0 = Debug|Any CPU
		{C4BBF1B8-62CE-45E0-9ECE-078D150AD4C4}.Release|Any CPU.ActiveCfg = Release|Any CPU
		{C4BBF1B8-62CE-45E0-9ECE-078D150AD4C4}.Release|Any CPU.Build.0 = Release|Any CPU
	EndGlobalSection
	GlobalSection(SolutionProperties) = preSolution
		HideSolutionNode = FALSE
	EndGlobalSection
	GlobalSection(ExtensibilityGlobals) = postSolution
		SolutionGuid = {BEC8BF29-CE5C-4101-9F09-A7F34FAECEAE}
	EndGlobalSection
EndGlobal
